
Microsoft Visual Studio Solution File, Format Version 12.00
# Visual Studio 14
VisualStudioVersion = 14.0.25420.1
MinimumVisualStudioVersion = 10.0.40219.1
Project("{FAE04EC0-301F-11D3-BF4B-00C04F79EFBC}") = "Bibliographie", "Bibliographie\Bibliographie.csproj", "{98E66F41-D9FF-4ED5-BC3C-1301AB198C9F}"
EndProject
Project("{FAE04EC0-301F-11D3-BF4B-00C04F79EFBC}") = "Bibliographie.Dao", "Bibliographie.Dao\Bibliographie.Dao.csproj", "{68B05D54-0424-42EE-8265-EBA5BCCDAE9D}"
EndProject
Project("{FAE04EC0-301F-11D3-BF4B-00C04F79EFBC}") = "Bibliographie.Core", "Bibliographie.Core\Bibliographie.Core.csproj", "{14C59041-CAC0-4DC0-87CB-ABD59CD4B0C9}"
EndProject
Global
	GlobalSection(SolutionConfigurationPlatforms) = preSolution
		Debug|Any CPU = Debug|Any CPU
		Release|Any CPU = Release|Any CPU
	EndGlobalSection
	GlobalSection(ProjectConfigurationPlatforms) = postSolution
		{98E66F41-D9FF-4ED5-BC3C-1301AB198C9F}.Debug|Any CPU.ActiveCfg = Debug|Any CPU
		{98E66F41-D9FF-4ED5-BC3C-1301AB198C9F}.Debug|Any CPU.Build.0 = Debug|Any CPU
		{98E66F41-D9FF-4ED5-BC3C-1301AB198C9F}.Release|Any CPU.ActiveCfg = Release|Any CPU
		{98E66F41-D9FF-4ED5-BC3C-1301AB198C9F}.Release|Any CPU.Build.0 = Release|Any CPU
		{68B05D54-0424-42EE-8265-EBA5BCCDAE9D}.Debug|Any CPU.ActiveCfg = Debug|Any CPU
		{68B05D54-0424-42EE-8265-EBA5BCCDAE9D}.Debug|Any CPU.Build.0 = Debug|Any CPU
		{68B05D54-0424-42EE-8265-EBA5BCCDAE9D}.Release|Any CPU.ActiveCfg = Release|Any CPU
		{68B05D54-0424-42EE-8265-EBA5BCCDAE9D}.Release|Any CPU.Build.0 = Release|Any CPU
		{14C59041-CAC0-4DC0-87CB-ABD59CD4B0C9}.Debug|Any CPU.ActiveCfg = Debug|Any CPU
		{14C59041-CAC0-4DC0-87CB-ABD59CD4B0C9}.Debug|Any CPU.Build.0 = Debug|Any CPU
		{14C59041-CAC0-4DC0-87CB-ABD59CD4B0C9}.Release|Any CPU.ActiveCfg = Release|Any CPU
		{14C59041-CAC0-4DC0-87CB-ABD59CD4B0C9}.Release|Any CPU.Build.0 = Release|Any CPU
	EndGlobalSection
	GlobalSection(SolutionProperties) = preSolution
		HideSolutionNode = FALSE
	EndGlobalSection
EndGlobal
